
Microsoft Visual Studio Solution File, Format Version 12.00
# Visual Studio Version 17
VisualStudioVersion = 17.1.32228.430
MinimumVisualStudioVersion = 10.0.40219.1
Project("{FAE04EC0-301F-11D3-BF4B-00C04F79EFBC}") = "ContaBancaria", "ContaBancaria.csproj", "{B100F6EF-3514-49C7-AEB5-0D2F59D1CE33}"
EndProject
Global
	GlobalSection(SolutionConfigurationPlatforms) = preSolution
		Debug|Any CPU = Debug|Any CPU
		Release|Any CPU = Release|Any CPU
	EndGlobalSection
	GlobalSection(ProjectConfigurationPlatforms) = postSolution
		{B100F6EF-3514-49C7-AEB5-0D2F59D1CE33}.Debug|Any CPU.ActiveCfg = Debug|Any CPU
		{B100F6EF-3514-49C7-AEB5-0D2F59D1CE33}.Debug|Any CPU.Build.0 = Debug|Any CPU
		{B100F6EF-3514-49C7-AEB5-0D2F59D1CE33}.Release|Any CPU.ActiveCfg = Release|Any CPU
		{B100F6EF-3514-49C7-AEB5-0D2F59D1CE33}.Release|Any CPU.Build.0 = Release|Any CPU
	EndGlobalSection
	GlobalSection(SolutionProperties) = preSolution
		HideSolutionNode = FALSE
	EndGlobalSection
	GlobalSection(ExtensibilityGlobals) = postSolution
		SolutionGuid = {E8D46BDC-2B4A-44F4-A667-DC4849B85F67}
	EndGlobalSection
EndGlobal
