
Microsoft Visual Studio Solution File, Format Version 12.00
# Visual Studio Version 17
VisualStudioVersion = 17.1.32319.34
MinimumVisualStudioVersion = 10.0.40219.1
Project("{FAE04EC0-301F-11D3-BF4B-00C04F79EFBC}") = "CalculadoraSimples", "CalculadoraSimples.csproj", "{21D3C0CF-0979-47A8-9899-95909CBE038D}"
EndProject
Global
	GlobalSection(SolutionConfigurationPlatforms) = preSolution
		Debug|Any CPU = Debug|Any CPU
		Release|Any CPU = Release|Any CPU
	EndGlobalSection
	GlobalSection(ProjectConfigurationPlatforms) = postSolution
		{21D3C0CF-0979-47A8-9899-95909CBE038D}.Debug|Any CPU.ActiveCfg = Debug|Any CPU
		{21D3C0CF-0979-47A8-9899-95909CBE038D}.Debug|Any CPU.Build.0 = Debug|Any CPU
		{21D3C0CF-0979-47A8-9899-95909CBE038D}.Release|Any CPU.ActiveCfg = Release|Any CPU
		{21D3C0CF-0979-47A8-9899-95909CBE038D}.Release|Any CPU.Build.0 = Release|Any CPU
	EndGlobalSection
	GlobalSection(SolutionProperties) = preSolution
		HideSolutionNode = FALSE
	EndGlobalSection
	GlobalSection(ExtensibilityGlobals) = postSolution
		SolutionGuid = {7E8E5103-6EA1-46FD-B2A0-A1A968C4A3DC}
	EndGlobalSection
EndGlobal
