
Microsoft Visual Studio Solution File, Format Version 12.00
# Visual Studio Version 17
VisualStudioVersion = 17.1.32319.34
MinimumVisualStudioVersion = 10.0.40219.1
Project("{FAE04EC0-301F-11D3-BF4B-00C04F79EFBC}") = "Form2Campos", "Form2Campos.csproj", "{8456C98C-CA6B-4E47-AE2E-CDB803ED7DB5}"
EndProject
Global
	GlobalSection(SolutionConfigurationPlatforms) = preSolution
		Debug|Any CPU = Debug|Any CPU
		Release|Any CPU = Release|Any CPU
	EndGlobalSection
	GlobalSection(ProjectConfigurationPlatforms) = postSolution
		{8456C98C-CA6B-4E47-AE2E-CDB803ED7DB5}.Debug|Any CPU.ActiveCfg = Debug|Any CPU
		{8456C98C-CA6B-4E47-AE2E-CDB803ED7DB5}.Debug|Any CPU.Build.0 = Debug|Any CPU
		{8456C98C-CA6B-4E47-AE2E-CDB803ED7DB5}.Release|Any CPU.ActiveCfg = Release|Any CPU
		{8456C98C-CA6B-4E47-AE2E-CDB803ED7DB5}.Release|Any CPU.Build.0 = Release|Any CPU
	EndGlobalSection
	GlobalSection(SolutionProperties) = preSolution
		HideSolutionNode = FALSE
	EndGlobalSection
	GlobalSection(ExtensibilityGlobals) = postSolution
		SolutionGuid = {4BC02AF5-F74D-41FC-86F1-A78BB8353F6E}
	EndGlobalSection
EndGlobal
