
Microsoft Visual Studio Solution File, Format Version 12.00
# Visual Studio Version 17
VisualStudioVersion = 17.1.32407.343
MinimumVisualStudioVersion = 10.0.40219.1
Project("{FAE04EC0-301F-11D3-BF4B-00C04F79EFBC}") = "CadastroComp", "CadastroComp.csproj", "{4B6F0C4A-090C-4D33-815F-D817D5470AE1}"
EndProject
Global
	GlobalSection(SolutionConfigurationPlatforms) = preSolution
		Debug|Any CPU = Debug|Any CPU
		Release|Any CPU = Release|Any CPU
	EndGlobalSection
	GlobalSection(ProjectConfigurationPlatforms) = postSolution
		{4B6F0C4A-090C-4D33-815F-D817D5470AE1}.Debug|Any CPU.ActiveCfg = Debug|Any CPU
		{4B6F0C4A-090C-4D33-815F-D817D5470AE1}.Debug|Any CPU.Build.0 = Debug|Any CPU
		{4B6F0C4A-090C-4D33-815F-D817D5470AE1}.Release|Any CPU.ActiveCfg = Release|Any CPU
		{4B6F0C4A-090C-4D33-815F-D817D5470AE1}.Release|Any CPU.Build.0 = Release|Any CPU
	EndGlobalSection
	GlobalSection(SolutionProperties) = preSolution
		HideSolutionNode = FALSE
	EndGlobalSection
	GlobalSection(ExtensibilityGlobals) = postSolution
		SolutionGuid = {59DC9B1A-D0FA-4668-9919-2F6FC33F648B}
	EndGlobalSection
EndGlobal
