
Microsoft Visual Studio Solution File, Format Version 12.00
# Visual Studio Version 17
VisualStudioVersion = 17.1.32407.343
MinimumVisualStudioVersion = 10.0.40219.1
Project("{FAE04EC0-301F-11D3-BF4B-00C04F79EFBC}") = "Aula02_OOP", "Aula02_OOP.csproj", "{1CD360A2-AD6C-46EC-8531-C34F67525544}"
EndProject
Global
	GlobalSection(SolutionConfigurationPlatforms) = preSolution
		Debug|Any CPU = Debug|Any CPU
		Release|Any CPU = Release|Any CPU
	EndGlobalSection
	GlobalSection(ProjectConfigurationPlatforms) = postSolution
		{1CD360A2-AD6C-46EC-8531-C34F67525544}.Debug|Any CPU.ActiveCfg = Debug|Any CPU
		{1CD360A2-AD6C-46EC-8531-C34F67525544}.Debug|Any CPU.Build.0 = Debug|Any CPU
		{1CD360A2-AD6C-46EC-8531-C34F67525544}.Release|Any CPU.ActiveCfg = Release|Any CPU
		{1CD360A2-AD6C-46EC-8531-C34F67525544}.Release|Any CPU.Build.0 = Release|Any CPU
	EndGlobalSection
	GlobalSection(SolutionProperties) = preSolution
		HideSolutionNode = FALSE
	EndGlobalSection
	GlobalSection(ExtensibilityGlobals) = postSolution
		SolutionGuid = {A2DBAF48-8BB5-4540-99FD-919F1F038066}
	EndGlobalSection
EndGlobal
