
Microsoft Visual Studio Solution File, Format Version 12.00
# Visual Studio Version 17
VisualStudioVersion = 17.1.32407.343
MinimumVisualStudioVersion = 10.0.40219.1
Project("{FAE04EC0-301F-11D3-BF4B-00C04F79EFBC}") = "ControleEstoque.Web", "ControleEstoque.Web.csproj", "{A1AEC249-0DA1-497C-A046-DBC88B3C0C0F}"
EndProject
Global
	GlobalSection(SolutionConfigurationPlatforms) = preSolution
		Debug|Any CPU = Debug|Any CPU
		Release|Any CPU = Release|Any CPU
	EndGlobalSection
	GlobalSection(ProjectConfigurationPlatforms) = postSolution
		{A1AEC249-0DA1-497C-A046-DBC88B3C0C0F}.Debug|Any CPU.ActiveCfg = Debug|Any CPU
		{A1AEC249-0DA1-497C-A046-DBC88B3C0C0F}.Debug|Any CPU.Build.0 = Debug|Any CPU
		{A1AEC249-0DA1-497C-A046-DBC88B3C0C0F}.Release|Any CPU.ActiveCfg = Release|Any CPU
		{A1AEC249-0DA1-497C-A046-DBC88B3C0C0F}.Release|Any CPU.Build.0 = Release|Any CPU
	EndGlobalSection
	GlobalSection(SolutionProperties) = preSolution
		HideSolutionNode = FALSE
	EndGlobalSection
	GlobalSection(ExtensibilityGlobals) = postSolution
		SolutionGuid = {67303492-22CB-429A-9170-E5FF365B74B4}
	EndGlobalSection
EndGlobal
