
Microsoft Visual Studio Solution File, Format Version 12.00
# Visual Studio Version 17
VisualStudioVersion = 17.1.32407.343
MinimumVisualStudioVersion = 10.0.40219.1
Project("{FAE04EC0-301F-11D3-BF4B-00C04F79EFBC}") = "Carros_API", "Carros_API.csproj", "{9E2FB65F-0356-40B4-95CE-0BADA783EABD}"
EndProject
Global
	GlobalSection(SolutionConfigurationPlatforms) = preSolution
		Debug|Any CPU = Debug|Any CPU
		Release|Any CPU = Release|Any CPU
	EndGlobalSection
	GlobalSection(ProjectConfigurationPlatforms) = postSolution
		{9E2FB65F-0356-40B4-95CE-0BADA783EABD}.Debug|Any CPU.ActiveCfg = Debug|Any CPU
		{9E2FB65F-0356-40B4-95CE-0BADA783EABD}.Debug|Any CPU.Build.0 = Debug|Any CPU
		{9E2FB65F-0356-40B4-95CE-0BADA783EABD}.Release|Any CPU.ActiveCfg = Release|Any CPU
		{9E2FB65F-0356-40B4-95CE-0BADA783EABD}.Release|Any CPU.Build.0 = Release|Any CPU
	EndGlobalSection
	GlobalSection(SolutionProperties) = preSolution
		HideSolutionNode = FALSE
	EndGlobalSection
	GlobalSection(ExtensibilityGlobals) = postSolution
		SolutionGuid = {C7D95618-109C-4177-9750-D2BCD64C838A}
	EndGlobalSection
EndGlobal
