
Microsoft Visual Studio Solution File, Format Version 12.00
# Visual Studio Version 17
VisualStudioVersion = 17.1.32407.343
MinimumVisualStudioVersion = 10.0.40219.1
Project("{FAE04EC0-301F-11D3-BF4B-00C04F79EFBC}") = "DadosCadastrais", "DadosCadastrais.csproj", "{A850583C-ADE4-4B2B-845A-44786583F71A}"
EndProject
Global
	GlobalSection(SolutionConfigurationPlatforms) = preSolution
		Debug|Any CPU = Debug|Any CPU
		Release|Any CPU = Release|Any CPU
	EndGlobalSection
	GlobalSection(ProjectConfigurationPlatforms) = postSolution
		{A850583C-ADE4-4B2B-845A-44786583F71A}.Debug|Any CPU.ActiveCfg = Debug|Any CPU
		{A850583C-ADE4-4B2B-845A-44786583F71A}.Debug|Any CPU.Build.0 = Debug|Any CPU
		{A850583C-ADE4-4B2B-845A-44786583F71A}.Release|Any CPU.ActiveCfg = Release|Any CPU
		{A850583C-ADE4-4B2B-845A-44786583F71A}.Release|Any CPU.Build.0 = Release|Any CPU
	EndGlobalSection
	GlobalSection(SolutionProperties) = preSolution
		HideSolutionNode = FALSE
	EndGlobalSection
	GlobalSection(ExtensibilityGlobals) = postSolution
		SolutionGuid = {DA96D653-73B3-46F9-B3B8-2793AB285F02}
	EndGlobalSection
EndGlobal
