
Microsoft Visual Studio Solution File, Format Version 12.00
# Visual Studio Version 17
VisualStudioVersion = 17.1.32210.238
MinimumVisualStudioVersion = 10.0.40219.1
Project("{FAE04EC0-301F-11D3-BF4B-00C04F79EFBC}") = "6-50PrimeirosElementos", "6-50PrimeirosElementos.csproj", "{9430997B-B1AB-4236-8E1A-67E60AA3C604}"
EndProject
Global
	GlobalSection(SolutionConfigurationPlatforms) = preSolution
		Debug|Any CPU = Debug|Any CPU
		Release|Any CPU = Release|Any CPU
	EndGlobalSection
	GlobalSection(ProjectConfigurationPlatforms) = postSolution
		{9430997B-B1AB-4236-8E1A-67E60AA3C604}.Debug|Any CPU.ActiveCfg = Debug|Any CPU
		{9430997B-B1AB-4236-8E1A-67E60AA3C604}.Debug|Any CPU.Build.0 = Debug|Any CPU
		{9430997B-B1AB-4236-8E1A-67E60AA3C604}.Release|Any CPU.ActiveCfg = Release|Any CPU
		{9430997B-B1AB-4236-8E1A-67E60AA3C604}.Release|Any CPU.Build.0 = Release|Any CPU
	EndGlobalSection
	GlobalSection(SolutionProperties) = preSolution
		HideSolutionNode = FALSE
	EndGlobalSection
	GlobalSection(ExtensibilityGlobals) = postSolution
		SolutionGuid = {A3A0AE33-F95A-4698-87A2-7C48518D1D0F}
	EndGlobalSection
EndGlobal
